
Microsoft Visual Studio Solution File, Format Version 12.00
# Visual Studio Version 17
VisualStudioVersion = 17.1.32210.238
MinimumVisualStudioVersion = 10.0.40219.1
Project("{FAE04EC0-301F-11D3-BF4B-00C04F79EFBC}") = "2020RC605WACRUD", "2020RC605WACRUD\2020RC605WACRUD.csproj", "{D0DDC34D-289C-4BE8-AB83-8F5C212FB71F}"
EndProject
Global
	GlobalSection(SolutionConfigurationPlatforms) = preSolution
		Debug|Any CPU = Debug|Any CPU
		Release|Any CPU = Release|Any CPU
	EndGlobalSection
	GlobalSection(ProjectConfigurationPlatforms) = postSolution
		{D0DDC34D-289C-4BE8-AB83-8F5C212FB71F}.Debug|Any CPU.ActiveCfg = Debug|Any CPU
		{D0DDC34D-289C-4BE8-AB83-8F5C212FB71F}.Debug|Any CPU.Build.0 = Debug|Any CPU
		{D0DDC34D-289C-4BE8-AB83-8F5C212FB71F}.Release|Any CPU.ActiveCfg = Release|Any CPU
		{D0DDC34D-289C-4BE8-AB83-8F5C212FB71F}.Release|Any CPU.Build.0 = Release|Any CPU
	EndGlobalSection
	GlobalSection(SolutionProperties) = preSolution
		HideSolutionNode = FALSE
	EndGlobalSection
	GlobalSection(ExtensibilityGlobals) = postSolution
		SolutionGuid = {46DFAC91-205E-4A2F-B775-5FA5F063B46D}
	EndGlobalSection
EndGlobal
